
Microsoft Visual Studio Solution File, Format Version 11.00
# Visual Studio 2010
Project("{FAE04EC0-301F-11D3-BF4B-00C04F79EFBC}") = "patch", "saolonkeke.csproj", "{87B338B5-2843-46AF-B6AF-33275B6ABA3C}"
EndProject
Global
	GlobalSection(SolutionConfigurationPlatforms) = preSolution
		Debug|Any CPU = Debug|Any CPU
		Release|Any CPU = Release|Any CPU
	EndGlobalSection
	GlobalSection(ProjectConfigurationPlatforms) = postSolution
		{87B338B5-2843-46AF-B6AF-33275B6ABA3C}.Debug|Any CPU.ActiveCfg = Debug|Any CPU
		{87B338B5-2843-46AF-B6AF-33275B6ABA3C}.Debug|Any CPU.Build.0 = Debug|Any CPU
		{87B338B5-2843-46AF-B6AF-33275B6ABA3C}.Release|Any CPU.ActiveCfg = Release|Any CPU
		{87B338B5-2843-46AF-B6AF-33275B6ABA3C}.Release|Any CPU.Build.0 = Release|Any CPU
	EndGlobalSection
	GlobalSection(SolutionProperties) = preSolution
		HideSolutionNode = FALSE
	EndGlobalSection
EndGlobal
